# THIS IS AN AUTOGENERATED FILE. DO NOT EDIT THIS FILE DIRECTLY.
# yarn lockfile v1


"@babel/parser@^7.16.4":
  version "7.18.5"
  resolved "https://registry.yarnpkg.com/@babel/parser/-/parser-7.18.5.tgz#337062363436a893a2d22faa60be5bb37091c83c"
  integrity sha512-YZWVaglMiplo7v8f1oMQ5ZPQr0vn7HPeZXxXWsxXJRjGVrzUFn9OxFQl1sb5wzfootjA/yChhW84BV+383FSOw==

"@ctrl/tinycolor@^3.4.1":
  version "3.4.1"
  resolved "https://registry.yarnpkg.com/@ctrl/tinycolor/-/tinycolor-3.4.1.tgz#75b4c27948c81e88ccd3a8902047bcd797f38d32"
  integrity sha512-ej5oVy6lykXsvieQtqZxCOaLT+xD4+QNarq78cIYISHmZXshCvROLudpQN3lfL8G0NL7plMSSK+zlyvCaIJ4Iw==

"@element-plus/icons-vue@^2.0.4":
  version "2.0.9"
  resolved "https://r.cnpmjs.org/@element-plus/icons-vue/-/icons-vue-2.0.9.tgz#b7777c57534522e387303d194451d50ff549d49a"
  integrity sha512-okdrwiVeKBmW41Hkl0eMrXDjzJwhQMuKiBOu17rOszqM+LS/yBYpNQNV5Jvoh06Wc+89fMmb/uhzf8NZuDuUaQ==

"@element-plus/icons-vue@^2.0.5":
  version "2.0.5"
  resolved "https://registry.yarnpkg.com/@element-plus/icons-vue/-/icons-vue-2.0.5.tgz#8eb4143a7b5e4d8468d2e72af99eefee446f5ea0"
  integrity sha512-jvNWyKcdvPvMDLTWjghrPY+bYHKqh7hbAFIPe+HWR073zilzt33csREzmKx3VwhdlJUW5u0nCqN+0rwI8jlH+w==

"@floating-ui/core@^0.7.3":
  version "0.7.3"
  resolved "https://registry.yarnpkg.com/@floating-ui/core/-/core-0.7.3.tgz#d274116678ffae87f6b60e90f88cc4083eefab86"
  integrity sha512-buc8BXHmG9l82+OQXOFU3Kr2XQx9ys01U/Q9HMIrZ300iLc8HLMgh7dcCqgYzAzf4BkoQvDcXf5Y+CuEZ5JBYg==

"@floating-ui/dom@^0.5.2":
  version "0.5.3"
  resolved "https://registry.yarnpkg.com/@floating-ui/dom/-/dom-0.5.3.tgz#ade192cf9a911fc3e95fb614fe281658b654043c"
  integrity sha512-vpjWB1uC7rajvgA58uzlJZgtWqrdDQLw+XVA3w63ZTmsWwRmVd0Gl5Dy9VMAViI9cP7hBWaJt23Jy3AVgVYnoQ==
  dependencies:
    "@floating-ui/core" "^0.7.3"

"@intlify/core-base@9.2.0-beta.36":
  version "9.2.0-beta.36"
  resolved "https://registry.yarnpkg.com/@intlify/core-base/-/core-base-9.2.0-beta.36.tgz#45fd154c95218c5ccbb7704627ff6dfd0c9eca82"
  integrity sha512-PGYUdWUgb+1Do9Ol/4csHTKxu0cNIOGhJSHZZxSb5tI9k3YkejCFBRIlKBokF5rK8OX4LDboJ6tDXeSwt1hO3g==
  dependencies:
    "@intlify/devtools-if" "9.2.0-beta.36"
    "@intlify/message-compiler" "9.2.0-beta.36"
    "@intlify/shared" "9.2.0-beta.36"
    "@intlify/vue-devtools" "9.2.0-beta.36"

"@intlify/devtools-if@9.2.0-beta.36":
  version "9.2.0-beta.36"
  resolved "https://registry.yarnpkg.com/@intlify/devtools-if/-/devtools-if-9.2.0-beta.36.tgz#d7bd806da27da21f08eaa2df7b4a43687ddca89b"
  integrity sha512-UbU4xtHu87WnlimdCycRS4DZbEu8X31bCDJwdm7ShM+9WvCjFEttnD0KDyviIwblzTvJOtGRQ60R7zDgCOFz5Q==
  dependencies:
    "@intlify/shared" "9.2.0-beta.36"

"@intlify/message-compiler@9.2.0-beta.36":
  version "9.2.0-beta.36"
  resolved "https://registry.yarnpkg.com/@intlify/message-compiler/-/message-compiler-9.2.0-beta.36.tgz#c85b5c56dbe199a2eadd3a77a31b886edf2d8dc1"
  integrity sha512-u4EwW/U9Mc50G7vM1p24UQ3aPrrkm0eM60xKRLVib1XKpH+TK8taLeetSVPI/8mNOBkLNpXmysMfhD3HlsXHIA==
  dependencies:
    "@intlify/shared" "9.2.0-beta.36"
    source-map "0.6.1"

"@intlify/shared@9.2.0-beta.36":
  version "9.2.0-beta.36"
  resolved "https://registry.yarnpkg.com/@intlify/shared/-/shared-9.2.0-beta.36.tgz#0499769e706d4e57e7d974d36974bd02ff0a6115"
  integrity sha512-+IXLiQ0V+9muzEf7RT9t9wEh6hNIK+kq+34Lce8W+DYny/jaFxPWIU4REYja3xC16kV7q+fz4I3vFz03gh7ysA==

"@intlify/vue-devtools@9.2.0-beta.36":
  version "9.2.0-beta.36"
  resolved "https://registry.yarnpkg.com/@intlify/vue-devtools/-/vue-devtools-9.2.0-beta.36.tgz#3f9565aee964f36de5983816848cd9446f7ad9ee"
  integrity sha512-g2aPb9Gy5z4prF3Lmj+ag6/ujzNFJd6CPrUxFKprljWhmxlpf83+xEaoZkbl3zog5Nq5GKF4hU3xLDwnIjGGRA==
  dependencies:
    "@intlify/core-base" "9.2.0-beta.36"
    "@intlify/shared" "9.2.0-beta.36"

"@popperjs/core@npm:@sxzz/popperjs-es@^2.11.7":
  version "2.11.7"
  resolved "https://registry.yarnpkg.com/@sxzz/popperjs-es/-/popperjs-es-2.11.7.tgz#a7f69e3665d3da9b115f9e71671dae1b97e13671"
  integrity sha512-Ccy0NlLkzr0Ex2FKvh2X+OyERHXJ88XJ1MXtsI9y9fGexlaXaVTPzBCRBwIxFkORuOb+uBqeu+RqnpgYTEZRUQ==

"@types/dot@^1.1.5":
  version "1.1.5"
  resolved "https://registry.yarnpkg.com/@types/dot/-/dot-1.1.5.tgz#f2ee97be41a9876fa70187457c506d7bdce5ee30"
  integrity sha512-fguu7IaFdubwG18Y6GbjVM9yItNeQezVCvsXn/QFPe/+Vsbjpz+Rddi3Fg/YX11+xqeaB0sPSfP3ebLI4NNGGw==

"@types/echarts@^4.9.14":
  version "4.9.15"
  resolved "https://registry.yarnpkg.com/@types/echarts/-/echarts-4.9.15.tgz#a3a5f577c2e747f8dc926dca788926493e6bebe1"
  integrity sha512-C+GhOl8jYjpZrPE9JPYgI8pH8+mIfsib2WoE5E+WpM2wRWZDQhaIy6ZZ1HhaZOT1h+QkrHvDVWUoGvXCzcb0rw==
  dependencies:
    "@types/zrender" "*"

"@types/lodash-es@^4.17.6":
  version "4.17.6"
  resolved "https://registry.yarnpkg.com/@types/lodash-es/-/lodash-es-4.17.6.tgz#c2ed4c8320ffa6f11b43eb89e9eaeec65966a0a0"
  integrity sha512-R+zTeVUKDdfoRxpAryaQNRKk3105Rrgx2CFRClIgRGaqDTdjsm8h6IYA8ir584W3ePzkZfst5xIgDwYrlh9HLg==
  dependencies:
    "@types/lodash" "*"

"@types/lodash@*", "@types/lodash@^4.14.182":
  version "4.14.182"
  resolved "https://registry.yarnpkg.com/@types/lodash/-/lodash-4.14.182.tgz#05301a4d5e62963227eaafe0ce04dd77c54ea5c2"
  integrity sha512-/THyiqyQAP9AfARo4pF+aCGcyiQ94tX/Is2I7HofNRqoYLgN1PBoOWu2/zTA5zMxzP5EFutMtWtGAFRKUe961Q==

"@types/node@^18.0.0":
  version "18.0.0"
  resolved "https://registry.yarnpkg.com/@types/node/-/node-18.0.0.tgz#67c7b724e1bcdd7a8821ce0d5ee184d3b4dd525a"
  integrity sha512-cHlGmko4gWLVI27cGJntjs/Sj8th9aYwplmZFwmmgYQQvL5NUsgVJG7OddLvNfLqYS31KFN0s3qlaD9qCaxACA==

"@types/web-bluetooth@^0.0.15":
  version "0.0.15"
  resolved "https://r.cnpmjs.org/@types/web-bluetooth/-/web-bluetooth-0.0.15.tgz#d60330046a6ed8a13b4a53df3813c44942ebdf72"
  integrity sha512-w7hEHXnPMEZ+4nGKl/KDRVpxkwYxYExuHOYXyzIzCDzEZ9ZCGMAewulr9IqJu2LR4N37fcnb1XVeuZ09qgOxhA==

"@types/zrender@*":
  version "4.0.2"
  resolved "https://registry.yarnpkg.com/@types/zrender/-/zrender-4.0.2.tgz#da360c7ddb32311f11f38706c82fd88bcafdf661"
  integrity sha512-Y/3hGzYeFdJUD4yWV0a+jkk3kIjtrbjzxwqkAWRjXLGm6lpL2tckg3vgopkn9KKPK1QyzwGH+JSDvzbKJO59+Q==

"@vitejs/plugin-vue@^2.3.1":
  version "2.3.3"
  resolved "https://registry.yarnpkg.com/@vitejs/plugin-vue/-/plugin-vue-2.3.3.tgz#fbf80cc039b82ac21a1acb0f0478de8f61fbf600"
  integrity sha512-SmQLDyhz+6lGJhPELsBdzXGc+AcaT8stgkbiTFGpXPe8Tl1tJaBw1A6pxDqDuRsVkD8uscrkx3hA7QDOoKYtyw==

"@volar/language-core@1.0.9":
  version "1.0.9"
  resolved "https://r.cnpmjs.org/@volar/language-core/-/language-core-1.0.9.tgz#d12456b294d1e5b3928b22e5214c8e7141ee2ce1"
  integrity sha512-5Fty3slLet6svXiJw2YxhYeo6c7wFdtILrql5bZymYLM+HbiZtJbryW1YnUEKAP7MO9Mbeh+TNH4Z0HFxHgIqw==
  dependencies:
    "@volar/source-map" "1.0.9"
    "@vue/reactivity" "^3.2.40"
    muggle-string "^0.1.0"

"@volar/source-map@1.0.9":
  version "1.0.9"
  resolved "https://r.cnpmjs.org/@volar/source-map/-/source-map-1.0.9.tgz#00aa951d3d7f9b842f84e28ab2a1831ab3b5b95a"
  integrity sha512-fazB/vy5ZEJ3yKx4fabJyGNI3CBkdLkfEIRVu6+1P3VixK0Mn+eqyUIkLBrzGYaeFM3GybhCLCvsVdNz0Fu/CQ==
  dependencies:
    muggle-string "^0.1.0"

"@volar/typescript@1.0.9":
  version "1.0.9"
  resolved "https://r.cnpmjs.org/@volar/typescript/-/typescript-1.0.9.tgz#9c0a8b5d79c0a03413755499d211c1c8001ac0cc"
  integrity sha512-dVziu+ShQUWuMukM6bvK2v2O446/gG6l1XkTh2vfkccw1IzjfbiP1TWQoNo1ipTfZOtu5YJGYAx+o5HNrGXWfQ==
  dependencies:
    "@volar/language-core" "1.0.9"

"@volar/vue-language-core@1.0.9":
  version "1.0.9"
  resolved "https://r.cnpmjs.org/@volar/vue-language-core/-/vue-language-core-1.0.9.tgz#9eb7c30652c80f210fca071aeeea794873835eda"
  integrity sha512-tofNoR8ShPFenHT1YVMuvoXtXWwoQE+fiXVqSmW0dSKZqEDjWQ3YeXSd0a6aqyKaIbvR7kWWGp34WbpQlwf9Ww==
  dependencies:
    "@volar/language-core" "1.0.9"
    "@volar/source-map" "1.0.9"
    "@vue/compiler-dom" "^3.2.40"
    "@vue/compiler-sfc" "^3.2.40"
    "@vue/reactivity" "^3.2.40"
    "@vue/shared" "^3.2.40"
    minimatch "^5.1.0"
    vue-template-compiler "^2.7.10"

"@volar/vue-typescript@1.0.9":
  version "1.0.9"
  resolved "https://r.cnpmjs.org/@volar/vue-typescript/-/vue-typescript-1.0.9.tgz#47ae4424283ec42c0b3321a4efbd4c505de3fe16"
  integrity sha512-ZLe4y9YNbviACa7uAMCilzxA76gbbSlKfjspXBzk6fCobd8QCIig+VyDYcjANIlm2HhgSCX8jYTzhCKlegh4mw==
  dependencies:
    "@volar/typescript" "1.0.9"
    "@volar/vue-language-core" "1.0.9"

"@vue/compiler-core@3.2.37":
  version "3.2.37"
  resolved "https://registry.yarnpkg.com/@vue/compiler-core/-/compiler-core-3.2.37.tgz#b3c42e04c0e0f2c496ff1784e543fbefe91e215a"
  integrity sha512-81KhEjo7YAOh0vQJoSmAD68wLfYqJvoiD4ulyedzF+OEk/bk6/hx3fTNVfuzugIIaTrOx4PGx6pAiBRe5e9Zmg==
  dependencies:
    "@babel/parser" "^7.16.4"
    "@vue/shared" "3.2.37"
    estree-walker "^2.0.2"
    source-map "^0.6.1"

"@vue/compiler-core@3.2.45":
  version "3.2.45"
  resolved "https://r.cnpmjs.org/@vue/compiler-core/-/compiler-core-3.2.45.tgz#d9311207d96f6ebd5f4660be129fb99f01ddb41b"
  integrity sha512-rcMj7H+PYe5wBV3iYeUgbCglC+pbpN8hBLTJvRiK2eKQiWqu+fG9F+8sW99JdL4LQi7Re178UOxn09puSXvn4A==
  dependencies:
    "@babel/parser" "^7.16.4"
    "@vue/shared" "3.2.45"
    estree-walker "^2.0.2"
    source-map "^0.6.1"

"@vue/compiler-dom@3.2.37":
  version "3.2.37"
  resolved "https://registry.yarnpkg.com/@vue/compiler-dom/-/compiler-dom-3.2.37.tgz#10d2427a789e7c707c872da9d678c82a0c6582b5"
  integrity sha512-yxJLH167fucHKxaqXpYk7x8z7mMEnXOw3G2q62FTkmsvNxu4FQSu5+3UMb+L7fjKa26DEzhrmCxAgFLLIzVfqQ==
  dependencies:
    "@vue/compiler-core" "3.2.37"
    "@vue/shared" "3.2.37"

"@vue/compiler-dom@3.2.45", "@vue/compiler-dom@^3.2.40":
  version "3.2.45"
  resolved "https://r.cnpmjs.org/@vue/compiler-dom/-/compiler-dom-3.2.45.tgz#c43cc15e50da62ecc16a42f2622d25dc5fd97dce"
  integrity sha512-tyYeUEuKqqZO137WrZkpwfPCdiiIeXYCcJ8L4gWz9vqaxzIQRccTSwSWZ/Axx5YR2z+LvpUbmPNXxuBU45lyRw==
  dependencies:
    "@vue/compiler-core" "3.2.45"
    "@vue/shared" "3.2.45"

"@vue/compiler-sfc@3.2.37":
  version "3.2.37"
  resolved "https://registry.yarnpkg.com/@vue/compiler-sfc/-/compiler-sfc-3.2.37.tgz#3103af3da2f40286edcd85ea495dcb35bc7f5ff4"
  integrity sha512-+7i/2+9LYlpqDv+KTtWhOZH+pa8/HnX/905MdVmAcI/mPQOBwkHHIzrsEsucyOIZQYMkXUiTkmZq5am/NyXKkg==
  dependencies:
    "@babel/parser" "^7.16.4"
    "@vue/compiler-core" "3.2.37"
    "@vue/compiler-dom" "3.2.37"
    "@vue/compiler-ssr" "3.2.37"
    "@vue/reactivity-transform" "3.2.37"
    "@vue/shared" "3.2.37"
    estree-walker "^2.0.2"
    magic-string "^0.25.7"
    postcss "^8.1.10"
    source-map "^0.6.1"

"@vue/compiler-sfc@^3.2.40":
  version "3.2.45"
  resolved "https://r.cnpmjs.org/@vue/compiler-sfc/-/compiler-sfc-3.2.45.tgz#7f7989cc04ec9e7c55acd406827a2c4e96872c70"
  integrity sha512-1jXDuWah1ggsnSAOGsec8cFjT/K6TMZ0sPL3o3d84Ft2AYZi2jWJgRMjw4iaK0rBfA89L5gw427H4n1RZQBu6Q==
  dependencies:
    "@babel/parser" "^7.16.4"
    "@vue/compiler-core" "3.2.45"
    "@vue/compiler-dom" "3.2.45"
    "@vue/compiler-ssr" "3.2.45"
    "@vue/reactivity-transform" "3.2.45"
    "@vue/shared" "3.2.45"
    estree-walker "^2.0.2"
    magic-string "^0.25.7"
    postcss "^8.1.10"
    source-map "^0.6.1"

"@vue/compiler-ssr@3.2.37":
  version "3.2.37"
  resolved "https://registry.yarnpkg.com/@vue/compiler-ssr/-/compiler-ssr-3.2.37.tgz#4899d19f3a5fafd61524a9d1aee8eb0505313cff"
  integrity sha512-7mQJD7HdXxQjktmsWp/J67lThEIcxLemz1Vb5I6rYJHR5vI+lON3nPGOH3ubmbvYGt8xEUaAr1j7/tIFWiEOqw==
  dependencies:
    "@vue/compiler-dom" "3.2.37"
    "@vue/shared" "3.2.37"

"@vue/compiler-ssr@3.2.45":
  version "3.2.45"
  resolved "https://r.cnpmjs.org/@vue/compiler-ssr/-/compiler-ssr-3.2.45.tgz#bd20604b6e64ea15344d5b6278c4141191c983b2"
  integrity sha512-6BRaggEGqhWht3lt24CrIbQSRD5O07MTmd+LjAn5fJj568+R9eUD2F7wMQJjX859seSlrYog7sUtrZSd7feqrQ==
  dependencies:
    "@vue/compiler-dom" "3.2.45"
    "@vue/shared" "3.2.45"

"@vue/devtools-api@^6.0.0-beta.13", "@vue/devtools-api@^6.1.4":
  version "6.1.4"
  resolved "https://registry.yarnpkg.com/@vue/devtools-api/-/devtools-api-6.1.4.tgz#b4aec2f4b4599e11ba774a50c67fa378c9824e53"
  integrity sha512-IiA0SvDrJEgXvVxjNkHPFfDx6SXw0b/TUkqMcDZWNg9fnCAHbTpoo59YfJ9QLFkwa3raau5vSlRVzMSLDnfdtQ==

"@vue/reactivity-transform@3.2.37":
  version "3.2.37"
  resolved "https://registry.yarnpkg.com/@vue/reactivity-transform/-/reactivity-transform-3.2.37.tgz#0caa47c4344df4ae59f5a05dde2a8758829f8eca"
  integrity sha512-IWopkKEb+8qpu/1eMKVeXrK0NLw9HicGviJzhJDEyfxTR9e1WtpnnbYkJWurX6WwoFP0sz10xQg8yL8lgskAZg==
  dependencies:
    "@babel/parser" "^7.16.4"
    "@vue/compiler-core" "3.2.37"
    "@vue/shared" "3.2.37"
    estree-walker "^2.0.2"
    magic-string "^0.25.7"

"@vue/reactivity-transform@3.2.45":
  version "3.2.45"
  resolved "https://r.cnpmjs.org/@vue/reactivity-transform/-/reactivity-transform-3.2.45.tgz#07ac83b8138550c83dfb50db43cde1e0e5e8124d"
  integrity sha512-BHVmzYAvM7vcU5WmuYqXpwaBHjsS8T63jlKGWVtHxAHIoMIlmaMyurUSEs1Zcg46M4AYT5MtB1U274/2aNzjJQ==
  dependencies:
    "@babel/parser" "^7.16.4"
    "@vue/compiler-core" "3.2.45"
    "@vue/shared" "3.2.45"
    estree-walker "^2.0.2"
    magic-string "^0.25.7"

"@vue/reactivity@3.2.37":
  version "3.2.37"
  resolved "https://registry.yarnpkg.com/@vue/reactivity/-/reactivity-3.2.37.tgz#5bc3847ac58828e2b78526e08219e0a1089f8848"
  integrity sha512-/7WRafBOshOc6m3F7plwzPeCu/RCVv9uMpOwa/5PiY1Zz+WLVRWiy0MYKwmg19KBdGtFWsmZ4cD+LOdVPcs52A==
  dependencies:
    "@vue/shared" "3.2.37"

"@vue/reactivity@^3.2.40":
  version "3.2.45"
  resolved "https://r.cnpmjs.org/@vue/reactivity/-/reactivity-3.2.45.tgz#412a45b574de601be5a4a5d9a8cbd4dee4662ff0"
  integrity sha512-PRvhCcQcyEVohW0P8iQ7HDcIOXRjZfAsOds3N99X/Dzewy8TVhTCT4uXpAHfoKjVTJRA0O0K+6QNkDIZAxNi3A==
  dependencies:
    "@vue/shared" "3.2.45"

"@vue/runtime-core@3.2.37":
  version "3.2.37"
  resolved "https://registry.yarnpkg.com/@vue/runtime-core/-/runtime-core-3.2.37.tgz#7ba7c54bb56e5d70edfc2f05766e1ca8519966e3"
  integrity sha512-JPcd9kFyEdXLl/i0ClS7lwgcs0QpUAWj+SKX2ZC3ANKi1U4DOtiEr6cRqFXsPwY5u1L9fAjkinIdB8Rz3FoYNQ==
  dependencies:
    "@vue/reactivity" "3.2.37"
    "@vue/shared" "3.2.37"

"@vue/runtime-dom@3.2.37":
  version "3.2.37"
  resolved "https://registry.yarnpkg.com/@vue/runtime-dom/-/runtime-dom-3.2.37.tgz#002bdc8228fa63949317756fb1e92cdd3f9f4bbd"
  integrity sha512-HimKdh9BepShW6YozwRKAYjYQWg9mQn63RGEiSswMbW+ssIht1MILYlVGkAGGQbkhSh31PCdoUcfiu4apXJoPw==
  dependencies:
    "@vue/runtime-core" "3.2.37"
    "@vue/shared" "3.2.37"
    csstype "^2.6.8"

"@vue/server-renderer@3.2.37":
  version "3.2.37"
  resolved "https://registry.yarnpkg.com/@vue/server-renderer/-/server-renderer-3.2.37.tgz#840a29c8dcc29bddd9b5f5ffa22b95c0e72afdfc"
  integrity sha512-kLITEJvaYgZQ2h47hIzPh2K3jG8c1zCVbp/o/bzQOyvzaKiCquKS7AaioPI28GNxIsE/zSx+EwWYsNxDCX95MA==
  dependencies:
    "@vue/compiler-ssr" "3.2.37"
    "@vue/shared" "3.2.37"

"@vue/shared@3.2.37":
  version "3.2.37"
  resolved "https://registry.yarnpkg.com/@vue/shared/-/shared-3.2.37.tgz#8e6adc3f2759af52f0e85863dfb0b711ecc5c702"
  integrity sha512-4rSJemR2NQIo9Klm1vabqWjD8rs/ZaJSzMxkMNeJS6lHiUjjUeYFbooN19NgFjztubEKh3WlZUeOLVdbbUWHsw==

"@vue/shared@3.2.45", "@vue/shared@^3.2.40":
  version "3.2.45"
  resolved "https://r.cnpmjs.org/@vue/shared/-/shared-3.2.45.tgz#a3fffa7489eafff38d984e23d0236e230c818bc2"
  integrity sha512-Ewzq5Yhimg7pSztDV+RH1UDKBzmtqieXQlpTVm2AwraoRL/Rks96mvd8Vgi7Lj+h+TH8dv7mXD3FRZR3TUvbSg==

"@vueuse/core@^8.6.0":
  version "8.6.0"
  resolved "https://registry.yarnpkg.com/@vueuse/core/-/core-8.6.0.tgz#a8f80363cc63d17382423f16beae57696f376e67"
  integrity sha512-VirzExCm/N+QdrEWT7J4uSrvJ5hquKIAU9alQ37kUvIJk9XxCLxmfRnmekYc1kz2+6BnoyuKYXVmrMV351CB4w==
  dependencies:
    "@vueuse/metadata" "8.6.0"
    "@vueuse/shared" "8.6.0"
    vue-demi "*"

"@vueuse/core@^9.2.0":
  version "9.2.0"
  resolved "https://r.cnpmjs.org/@vueuse/core/-/core-9.2.0.tgz#58e3588b9bc5a69010aa9104b00056ee9ebff738"
  integrity sha512-/MZ6qpz6uSyaXrtoeBWQzAKRG3N7CvfVWvQxiM3ei3Xe5ydOjjtVbo7lGl9p8dECV93j7W8s63A8H0kFLpLyxg==
  dependencies:
    "@types/web-bluetooth" "^0.0.15"
    "@vueuse/metadata" "9.2.0"
    "@vueuse/shared" "9.2.0"
    vue-demi "*"

"@vueuse/metadata@8.6.0":
  version "8.6.0"
  resolved "https://registry.yarnpkg.com/@vueuse/metadata/-/metadata-8.6.0.tgz#34771443a72ee891ae001a70aa05dd9a1d799372"
  integrity sha512-F+CKPvaExsm7QgRr8y+ZNJFwXasn89rs5wth/HeX9lJ1q8XEt+HJ16Q5Sxh4rfG5YSKXrStveVge8TKvPjMjFA==

"@vueuse/metadata@9.2.0":
  version "9.2.0"
  resolved "https://r.cnpmjs.org/@vueuse/metadata/-/metadata-9.2.0.tgz#6bf7c9c44b9f5ece405837226a0e04a997994458"
  integrity sha512-exN4KE6iquxDCdt72BgEhb3tlOpECtD61AUdXnUqBTIUCl70x1Ar/QXo3bYcvxmdMS2/peQyfeTzBjRTpvL5xw==

"@vueuse/shared@8.6.0":
  version "8.6.0"
  resolved "https://registry.yarnpkg.com/@vueuse/shared/-/shared-8.6.0.tgz#63dad9fc4b73a7fccbe5d6b97adeacf73d4fec41"
  integrity sha512-Y/IVywZo7IfEoSSEtCYpkVEmPV7pU35mEIxV7PbD/D3ly18B3mEsBaPbtDkNM/QP3zAZ5mn4nEkOfddX4uwuIA==
  dependencies:
    vue-demi "*"

"@vueuse/shared@9.2.0":
  version "9.2.0"
  resolved "https://r.cnpmjs.org/@vueuse/shared/-/shared-9.2.0.tgz#7831051b2c1d01c3413c749468ee53a86024510e"
  integrity sha512-NnRp/noSWuXW0dKhZK5D0YLrDi0nmZ18UeEgwXQq7Ul5TTP93lcNnKjrHtd68j2xFB/l59yPGFlCryL692bnrA==
  dependencies:
    vue-demi "*"

async-validator@^4.1.1:
  version "4.1.1"
  resolved "https://registry.yarnpkg.com/async-validator/-/async-validator-4.1.1.tgz#3cd1437faa2de64743f7d56649dd904c946a18fe"
  integrity sha512-p4DO/JXwjs8klJyJL8Q2oM4ks5fUTze/h5k10oPPKMiLe1fj3G1QMzPHNmN1Py4ycOk7WlO2DcGXv1qiESJCZA==

axios@^0.26.1:
  version "0.26.1"
  resolved "https://registry.yarnpkg.com/axios/-/axios-0.26.1.tgz#1ede41c51fcf51bbbd6fd43669caaa4f0495aaa9"
  integrity sha512-fPwcX4EvnSHuInCMItEhAGnaSEXRBjtzh9fOtsE6E1G6p7vl7edEeZe11QHf18+6+9gR5PbKV/sGKNaD8YaMeA==
  dependencies:
    follow-redirects "^1.14.8"

balanced-match@^1.0.0:
  version "1.0.2"
  resolved "https://r2.cnpmjs.org/balanced-match/-/balanced-match-1.0.2.tgz#e83e3a7e3f300b34cb9d87f615fa0cbf357690ee"
  integrity sha512-3oSeUO0TMV67hN1AmbXsK4yaqU7tjiHlbxRDZOpH0KW9+CeX4bRAaX0Anxt0tx2MrpRpWwQaPwIlISEJhYU5Pw==

brace-expansion@^2.0.1:
  version "2.0.1"
  resolved "https://r2.cnpmjs.org/brace-expansion/-/brace-expansion-2.0.1.tgz#1edc459e0f0c548486ecf9fc99f2221364b9a0ae"
  integrity sha512-XnAIvQ8eM+kC6aULx6wuQiwVsnzsi9d3WxzV3FpWTGA19F621kwdbsAcFKXgKUHZWsy+mY6iL1sHTxWEFCytDA==
  dependencies:
    balanced-match "^1.0.0"

clipboard@^2.0.4:
  version "2.0.11"
  resolved "https://registry.yarnpkg.com/clipboard/-/clipboard-2.0.11.tgz#62180360b97dd668b6b3a84ec226975762a70be5"
  integrity sha512-C+0bbOqkezLIsmWSvlsXS0Q0bmkugu7jcfMIACB+RDEntIzQIkdr148we28AfSloQLRdZlYL/QYyrq05j/3Faw==
  dependencies:
    good-listener "^1.2.2"
    select "^1.1.2"
    tiny-emitter "^2.0.0"

copy-anything@^2.0.1:
  version "2.0.6"
  resolved "https://registry.yarnpkg.com/copy-anything/-/copy-anything-2.0.6.tgz#092454ea9584a7b7ad5573062b2a87f5900fc480"
  integrity sha512-1j20GZTsvKNkc4BY3NpMOM8tt///wY3FpIzozTOFO2ffuZcV61nojHXVKIy3WM+7ADCy5FVhdZYHYDdgTU0yJw==
  dependencies:
    is-what "^3.14.1"

csstype@^2.6.8:
  version "2.6.20"
  resolved "https://registry.yarnpkg.com/csstype/-/csstype-2.6.20.tgz#9229c65ea0b260cf4d3d997cb06288e36a8d6dda"
  integrity sha512-/WwNkdXfckNgw6S5R125rrW8ez139lBHWouiBvX8dfMFtcn6V81REDqnH7+CRpRipfYlyU1CmOnOxrmGcFOjeA==

dayjs@^1.11.1, dayjs@^1.11.3:
  version "1.11.3"
  resolved "https://registry.yarnpkg.com/dayjs/-/dayjs-1.11.3.tgz#4754eb694a624057b9ad2224b67b15d552589258"
  integrity sha512-xxwlswWOlGhzgQ4TKzASQkUhqERI3egRNqgV4ScR8wlANA/A9tZ7miXa44vTTKEq5l7vWoL5G57bG3zA+Kow0A==

de-indent@^1.0.2:
  version "1.0.2"
  resolved "https://r2.cnpmjs.org/de-indent/-/de-indent-1.0.2.tgz#b2038e846dc33baa5796128d0804b455b8c1e21d"
  integrity sha512-e/1zu3xH5MQryN2zdVaF0OrdNLUbvWxzMbi+iNA6Bky7l1RoP8a2fIbRocyHclXt/arDrrR6lL3TqFD9pMQTsg==

debug@^3.2.6:
  version "3.2.7"
  resolved "https://registry.yarnpkg.com/debug/-/debug-3.2.7.tgz#72580b7e9145fb39b6676f9c5e5fb100b934179a"
  integrity sha512-CFjzYYAi4ThfiQvizrFQevTTXHtnCqWfe7x1AhgEscTz6ZbLbfoLRLPugTQyBth6f8ZERVUSyWHFD/7Wu4t1XQ==
  dependencies:
    ms "^2.1.1"

delegate@^3.1.2:
  version "3.2.0"
  resolved "https://registry.yarnpkg.com/delegate/-/delegate-3.2.0.tgz#b66b71c3158522e8ab5744f720d8ca0c2af59166"
  integrity sha512-IofjkYBZaZivn0V8nnsMJGBr4jVLxHDheKSW88PyxS5QC4Vo9ZbZVvhzlSxY87fVq3STR6r+4cGepyHkcWOQSw==

dexie@^3.2.1:
  version "3.2.2"
  resolved "https://registry.yarnpkg.com/dexie/-/dexie-3.2.2.tgz#fa6f2a3c0d6ed0766f8d97a03720056f88fe0e01"
  integrity sha512-q5dC3HPmir2DERlX+toCBbHQXW5MsyrFqPFcovkH9N2S/UW/H3H5AWAB6iEOExeraAu+j+zRDG+zg/D7YhH0qg==

dot@^1.1.3:
  version "1.1.3"
  resolved "https://registry.yarnpkg.com/dot/-/dot-1.1.3.tgz#351360e00a748bce9a1f8f27c00c394a7e4e1e9f"
  integrity sha512-/nt74Rm+PcfnirXGEdhZleTwGC2LMnuKTeeTIlI82xb5loBBoXNYzr2ezCroPSMtilK8EZIfcNZwOcHN+ib1Lg==

echarts@^5.3.2:
  version "5.3.2"
  resolved "https://registry.yarnpkg.com/echarts/-/echarts-5.3.2.tgz#0a7b3be8c48a48b2e7cb1b82121df0c208d42d2c"
  integrity sha512-LWCt7ohOKdJqyiBJ0OGBmE9szLdfA9sGcsMEi+GGoc6+Xo75C+BkcT/6NNGRHAWtnQl2fNow05AQjznpap28TQ==
  dependencies:
    tslib "2.3.0"
    zrender "5.3.1"

element-plus@^2.1.11:
  version "2.2.5"
  resolved "https://registry.yarnpkg.com/element-plus/-/element-plus-2.2.5.tgz#2bb889660c9bcb9bb71e18619915b35e0f48d569"
  integrity sha512-Kl0yn/PQca5YQo3M3NPBP4Xl71NQuMtDx5zNXZGVyl5FjdMujXiFB9SXKYGDUCgFU3d/Rl14vB4Fpmcl2Iz+Hw==
  dependencies:
    "@ctrl/tinycolor" "^3.4.1"
    "@element-plus/icons-vue" "^2.0.5"
    "@floating-ui/dom" "^0.5.2"
    "@popperjs/core" "npm:@sxzz/popperjs-es@^2.11.7"
    "@types/lodash" "^4.14.182"
    "@types/lodash-es" "^4.17.6"
    "@vueuse/core" "^8.6.0"
    async-validator "^4.1.1"
    dayjs "^1.11.3"
    escape-html "^1.0.3"
    lodash "^4.17.21"
    lodash-es "^4.17.21"
    lodash-unified "^1.0.2"
    memoize-one "^6.0.0"
    normalize-wheel-es "^1.1.2"

errno@^0.1.1:
  version "0.1.8"
  resolved "https://registry.yarnpkg.com/errno/-/errno-0.1.8.tgz#8bb3e9c7d463be4976ff888f76b4809ebc2e811f"
  integrity sha512-dJ6oBr5SQ1VSd9qkk7ByRgb/1SH4JZjCHSW/mr63/QcXO9zLVxvJ6Oy13nio03rxpSnVDDjFor75SjVeZWPW/A==
  dependencies:
    prr "~1.0.1"

esbuild-android-64@0.14.43:
  version "0.14.43"
  resolved "https://registry.yarnpkg.com/esbuild-android-64/-/esbuild-android-64-0.14.43.tgz#59bf3edad6863c27aa92bbb5c1d83a9a5c981495"
  integrity sha512-kqFXAS72K6cNrB6RiM7YJ5lNvmWRDSlpi7ZuRZ1hu1S3w0zlwcoCxWAyM23LQUyZSs1PbjHgdbbfYAN8IGh6xg==

esbuild-android-arm64@0.14.43:
  version "0.14.43"
  resolved "https://registry.yarnpkg.com/esbuild-android-arm64/-/esbuild-android-arm64-0.14.43.tgz#0258704edf92ce2463af6d2900b844b5423bed63"
  integrity sha512-bKS2BBFh+7XZY9rpjiHGRNA7LvWYbZWP87pLehggTG7tTaCDvj8qQGOU/OZSjCSKDYbgY7Q+oDw8RlYQ2Jt2BA==

esbuild-darwin-64@0.14.43:
  version "0.14.43"
  resolved "https://registry.yarnpkg.com/esbuild-darwin-64/-/esbuild-darwin-64-0.14.43.tgz#72a47295678d4aa0656979baa8cf6d5c8c92656f"
  integrity sha512-/3PSilx011ttoieRGkSZ0XV8zjBf2C9enV4ScMMbCT4dpx0mFhMOpFnCHkOK0pWGB8LklykFyHrWk2z6DENVUg==

esbuild-darwin-arm64@0.14.43:
  version "0.14.43"
  resolved "https://registry.yarnpkg.com/esbuild-darwin-arm64/-/esbuild-darwin-arm64-0.14.43.tgz#5f5823170b8d85b888957f0794e186caac447aca"
  integrity sha512-1HyFUKs8DMCBOvw1Qxpr5Vv/ThNcVIFb5xgXWK3pyT40WPvgYIiRTwJCvNs4l8i5qWF8/CK5bQxJVDjQvtv0Yw==

esbuild-freebsd-64@0.14.43:
  version "0.14.43"
  resolved "https://registry.yarnpkg.com/esbuild-freebsd-64/-/esbuild-freebsd-64-0.14.43.tgz#e4a48b08181053837e6cd9bda19ae0af94d493b0"
  integrity sha512-FNWc05TPHYgaXjbPZO5/rJKSBslfG6BeMSs8GhwnqAKP56eEhvmzwnIz1QcC9cRVyO+IKqWNfmHFkCa1WJTULA==

esbuild-freebsd-arm64@0.14.43:
  version "0.14.43"
  resolved "https://registry.yarnpkg.com/esbuild-freebsd-arm64/-/esbuild-freebsd-arm64-0.14.43.tgz#386e780d36c1dedf3a1cdab79e0bbacd873274e6"
  integrity sha512-amrYopclz3VohqisOPR6hA3GOWA3LZC1WDLnp21RhNmoERmJ/vLnOpnrG2P/Zao+/erKTCUqmrCIPVtj58DRoA==

esbuild-linux-32@0.14.43:
  version "0.14.43"
  resolved "https://registry.yarnpkg.com/esbuild-linux-32/-/esbuild-linux-32-0.14.43.tgz#040ed6b9ebf06d73acdf2acce7f1cd0c12fbc6a5"
  integrity sha512-KoxoEra+9O3AKVvgDFvDkiuddCds6q71owSQEYwjtqRV7RwbPzKxJa6+uyzUulHcyGVq0g15K0oKG5CFBcvYDw==

esbuild-linux-64@0.14.43:
  version "0.14.43"
  resolved "https://registry.yarnpkg.com/esbuild-linux-64/-/esbuild-linux-64-0.14.43.tgz#8abbb7594ab6a008f2aae72d95d8a4fdc59d9000"
  integrity sha512-EwINwGMyiJMgBby5/SbMqKcUhS5AYAZ2CpEBzSowsJPNBJEdhkCTtEjk757TN/wxgbu3QklqDM6KghY660QCUw==

esbuild-linux-arm64@0.14.43:
  version "0.14.43"
  resolved "https://registry.yarnpkg.com/esbuild-linux-arm64/-/esbuild-linux-arm64-0.14.43.tgz#4e8e9ce77cbf7efec65e79e512b3d2fbd2da398f"
  integrity sha512-UlSpjMWllAc70zYbHxWuDS3FJytyuR/gHJYBr8BICcTNb/TSOYVBg6U7b3jZ3mILTrgzwJUHwhEwK18FZDouUQ==

esbuild-linux-arm@0.14.43:
  version "0.14.43"
  resolved "https://registry.yarnpkg.com/esbuild-linux-arm/-/esbuild-linux-arm-0.14.43.tgz#9e41ee5e099c0ffdfd150da154330c2c0226cc96"
  integrity sha512-e6YzQUoDxxtyamuF12eVzzRC7bbEFSZohJ6igQB9tBqnNmIQY3fI6Cns3z2wxtbZ3f2o6idkD2fQnlvs2902Dg==

esbuild-linux-mips64le@0.14.43:
  version "0.14.43"
  resolved "https://registry.yarnpkg.com/esbuild-linux-mips64le/-/esbuild-linux-mips64le-0.14.43.tgz#4b41f465a787f91cc4fe7dffa0dcabf655935a1a"
  integrity sha512-f+v8cInPEL1/SDP//CfSYzcDNgE4CY3xgDV81DWm3KAPWzhvxARrKxB1Pstf5mB56yAslJDxu7ryBUPX207EZA==

esbuild-linux-ppc64le@0.14.43:
  version "0.14.43"
  resolved "https://registry.yarnpkg.com/esbuild-linux-ppc64le/-/esbuild-linux-ppc64le-0.14.43.tgz#ca15934f5b46728dd9ac05270e783e7feaca9eaf"
  integrity sha512-5wZYMDGAL/K2pqkdIsW+I4IR41kyfHr/QshJcNpUfK3RjB3VQcPWOaZmc+74rm4ZjVirYrtz+jWw0SgxtxRanA==

esbuild-linux-riscv64@0.14.43:
  version "0.14.43"
  resolved "https://registry.yarnpkg.com/esbuild-linux-riscv64/-/esbuild-linux-riscv64-0.14.43.tgz#70fce2b5a0605a67e58b5a357b0e00be1029836d"
  integrity sha512-lYcAOUxp85hC7lSjycJUVSmj4/9oEfSyXjb/ua9bNl8afonaduuqtw7hvKMoKuYnVwOCDw4RSfKpcnIRDWq+Bw==

esbuild-linux-s390x@0.14.43:
  version "0.14.43"
  resolved "https://registry.yarnpkg.com/esbuild-linux-s390x/-/esbuild-linux-s390x-0.14.43.tgz#318d03b4f4ccc7fa44ac7562121cf4a4529e477a"
  integrity sha512-27e43ZhHvhFE4nM7HqtUbMRu37I/4eNSUbb8FGZWszV+uLzMIsHDwLoBiJmw7G9N+hrehNPeQ4F5Ujad0DrUKQ==

esbuild-netbsd-64@0.14.43:
  version "0.14.43"
  resolved "https://registry.yarnpkg.com/esbuild-netbsd-64/-/esbuild-netbsd-64-0.14.43.tgz#86130ce204ef0162a96e863b55851efecc92f423"
  integrity sha512-2mH4QF6hHBn5zzAfxEI/2eBC0mspVsZ6UVo821LpAJKMvLJPBk3XJO5xwg7paDqSqpl7p6IRrAenW999AEfJhQ==

esbuild-openbsd-64@0.14.43:
  version "0.14.43"
  resolved "https://registry.yarnpkg.com/esbuild-openbsd-64/-/esbuild-openbsd-64-0.14.43.tgz#0229dc2db2ded97b03bb93bba7646b30ffdf5d0d"
  integrity sha512-ZhQpiZjvqCqO8jKdGp9+8k9E/EHSA+zIWOg+grwZasI9RoblqJ1QiZqqi7jfd6ZrrG1UFBNGe4m0NFxCFbMVbg==

esbuild-sunos-64@0.14.43:
  version "0.14.43"
  resolved "https://registry.yarnpkg.com/esbuild-sunos-64/-/esbuild-sunos-64-0.14.43.tgz#17e316216eb9f1de25d52a9000356ae5b869e736"
  integrity sha512-DgxSi9DaHReL9gYuul2rrQCAapgnCJkh3LSHPKsY26zytYppG0HgkgVF80zjIlvEsUbGBP/GHQzBtrezj/Zq1Q==

esbuild-windows-32@0.14.43:
  version "0.14.43"
  resolved "https://registry.yarnpkg.com/esbuild-windows-32/-/esbuild-windows-32-0.14.43.tgz#a173757bc6dfd0f2656ff40b64f7f9290745778e"
  integrity sha512-Ih3+2O5oExiqm0mY6YYE5dR0o8+AspccQ3vIAtRodwFvhuyGLjb0Hbmzun/F3Lw19nuhPMu3sW2fqIJ5xBxByw==

esbuild-windows-64@0.14.43:
  version "0.14.43"
  resolved "https://registry.yarnpkg.com/esbuild-windows-64/-/esbuild-windows-64-0.14.43.tgz#c447b23126aad158c4fe6a394342cafd97926ed1"
  integrity sha512-8NsuNfI8xwFuJbrCuI+aBqNTYkrWErejFO5aYM+yHqyHuL8mmepLS9EPzAzk8rvfaJrhN0+RvKWAcymViHOKEw==

esbuild-windows-arm64@0.14.43:
  version "0.14.43"
  resolved "https://registry.yarnpkg.com/esbuild-windows-arm64/-/esbuild-windows-arm64-0.14.43.tgz#3caed1b430d394d7a7836407b9d36c4750246e76"
  integrity sha512-7ZlD7bo++kVRblJEoG+cepljkfP8bfuTPz5fIXzptwnPaFwGS6ahvfoYzY7WCf5v/1nX2X02HDraVItTgbHnKw==

esbuild@^0.14.27:
  version "0.14.43"
  resolved "https://registry.yarnpkg.com/esbuild/-/esbuild-0.14.43.tgz#c227d585c512d3e0f23b88f50b8e16501147f647"
  integrity sha512-Uf94+kQmy/5jsFwKWiQB4hfo/RkM9Dh7b79p8yqd1tshULdr25G2szLz631NoH3s2ujnKEKVD16RmOxvCNKRFA==
  optionalDependencies:
    esbuild-android-64 "0.14.43"
    esbuild-android-arm64 "0.14.43"
    esbuild-darwin-64 "0.14.43"
    esbuild-darwin-arm64 "0.14.43"
    esbuild-freebsd-64 "0.14.43"
    esbuild-freebsd-arm64 "0.14.43"
    esbuild-linux-32 "0.14.43"
    esbuild-linux-64 "0.14.43"
    esbuild-linux-arm "0.14.43"
    esbuild-linux-arm64 "0.14.43"
    esbuild-linux-mips64le "0.14.43"
    esbuild-linux-ppc64le "0.14.43"
    esbuild-linux-riscv64 "0.14.43"
    esbuild-linux-s390x "0.14.43"
    esbuild-netbsd-64 "0.14.43"
    esbuild-openbsd-64 "0.14.43"
    esbuild-sunos-64 "0.14.43"
    esbuild-windows-32 "0.14.43"
    esbuild-windows-64 "0.14.43"
    esbuild-windows-arm64 "0.14.43"

escape-html@^1.0.3:
  version "1.0.3"
  resolved "https://registry.yarnpkg.com/escape-html/-/escape-html-1.0.3.tgz#0258eae4d3d0c0974de1c169188ef0051d1d1988"
  integrity sha512-NiSupZ4OeuGwr68lGIeym/ksIZMJodUGOSCZ/FSnTxcrekbvqrgdUxlJOMpijaKZVjAJrWrGs/6Jy8OMuyj9ow==

estree-walker@^2.0.2:
  version "2.0.2"
  resolved "https://registry.yarnpkg.com/estree-walker/-/estree-walker-2.0.2.tgz#52f010178c2a4c117a7757cfe942adb7d2da4cac"
  integrity sha512-Rfkk/Mp/DL7JVje3u18FxFujQlTNR2q6QfMSMB7AvCBx91NGj/ba3kCfza0f6dVDbw7YlRf/nDrn7pQrCCyQ/w==

follow-redirects@^1.14.8:
  version "1.15.1"
  resolved "https://registry.yarnpkg.com/follow-redirects/-/follow-redirects-1.15.1.tgz#0ca6a452306c9b276e4d3127483e29575e207ad5"
  integrity sha512-yLAMQs+k0b2m7cVxpS1VKJVvoz7SS9Td1zss3XRwXj+ZDH00RJgnuLx7E44wx02kQLrdM3aOOy+FpzS7+8OizA==

fsevents@~2.3.2:
  version "2.3.2"
  resolved "https://registry.yarnpkg.com/fsevents/-/fsevents-2.3.2.tgz#8a526f78b8fdf4623b709e0b975c52c24c02fd1a"
  integrity sha512-xiqMQR4xAeHTuB9uWm+fFRcIOgKBMiOBP+eXiyT7jsgVCq1bkVygt00oASowB7EdtpOHaaPgKt812P9ab+DDKA==

function-bind@^1.1.1:
  version "1.1.1"
  resolved "https://registry.yarnpkg.com/function-bind/-/function-bind-1.1.1.tgz#a56899d3ea3c9bab874bb9773b7c5ede92f4895d"
  integrity sha512-yIovAzMX49sF8Yl58fSCWJ5svSLuaibPxXQJFLmBObTuCr0Mf1KiPopGM9NiFjiYBCbfaa2Fh6breQ6ANVTI0A==

good-listener@^1.2.2:
  version "1.2.2"
  resolved "https://registry.yarnpkg.com/good-listener/-/good-listener-1.2.2.tgz#d53b30cdf9313dffb7dc9a0d477096aa6d145c50"
  integrity sha512-goW1b+d9q/HIwbVYZzZ6SsTr4IgE+WA44A0GmPIQstuOrgsFcT7VEJ48nmr9GaRtNu0XTKacFLGnBPAM6Afouw==
  dependencies:
    delegate "^3.1.2"

graceful-fs@^4.1.2:
  version "4.2.10"
  resolved "https://registry.yarnpkg.com/graceful-fs/-/graceful-fs-4.2.10.tgz#147d3a006da4ca3ce14728c7aefc287c367d7a6c"
  integrity sha512-9ByhssR2fPVsNZj478qUUbKfmL0+t5BDVyjShtyZZLiK7ZDAArFFfopyOTj0M05wE2tJPisA4iTnnXl2YoPvOA==

has@^1.0.3:
  version "1.0.3"
  resolved "https://registry.yarnpkg.com/has/-/has-1.0.3.tgz#722d7cbfc1f6aa8241f16dd814e011e1f41e8796"
  integrity sha512-f2dvO0VU6Oej7RkWJGrehjbzMAjFp5/VKPp5tTpWIV4JHHZK1/BxbFRtf/siA2SWTe09caDmVtYYzWEIbBS4zw==
  dependencies:
    function-bind "^1.1.1"

he@^1.2.0:
  version "1.2.0"
  resolved "https://r2.cnpmjs.org/he/-/he-1.2.0.tgz#84ae65fa7eafb165fddb61566ae14baf05664f0f"
  integrity sha512-F/1DnUGPopORZi0ni+CvrCgHQ5FyEAHRLSApuYWMmrbSwoN2Mn/7k+Gl38gJnR7yyDZk6WLXwiGod1JOWNDKGw==

iconv-lite@^0.6.3:
  version "0.6.3"
  resolved "https://registry.yarnpkg.com/iconv-lite/-/iconv-lite-0.6.3.tgz#a52f80bf38da1952eb5c681790719871a1a72501"
  integrity sha512-4fCk79wshMdzMp2rH06qWrJE4iolqLhCUH+OiuIgU++RB0+94NlDL81atO7GX55uUKueo0txHNtvEyI6D7WdMw==
  dependencies:
    safer-buffer ">= 2.1.2 < 3.0.0"

image-size@~0.5.0:
  version "0.5.5"
  resolved "https://registry.yarnpkg.com/image-size/-/image-size-0.5.5.tgz#09dfd4ab9d20e29eb1c3e80b8990378df9e3cb9c"
  integrity sha512-6TDAlDPZxUFCv+fuOkIoXT/V/f3Qbq8e37p+YOiYrUv3v9cc3/6x78VdfPgFVaB9dZYeLUfKgHRebpkm/oP2VQ==

is-core-module@^2.8.1:
  version "2.9.0"
  resolved "https://registry.yarnpkg.com/is-core-module/-/is-core-module-2.9.0.tgz#e1c34429cd51c6dd9e09e0799e396e27b19a9c69"
  integrity sha512-+5FPy5PnwmO3lvfMb0AsoPaBG+5KHUI0wYFXOtYPnVVVspTFUuMZNfNaNVRt3FZadstu2c8x23vykRW/NBoU6A==
  dependencies:
    has "^1.0.3"

is-what@^3.14.1:
  version "3.14.1"
  resolved "https://registry.yarnpkg.com/is-what/-/is-what-3.14.1.tgz#e1222f46ddda85dead0fd1c9df131760e77755c1"
  integrity sha512-sNxgpk9793nzSs7bA6JQJGeIuRBQhAaNGG77kzYQgMkrID+lS6SlK07K5LaptscDlSaIgH+GPFzf+d75FVxozA==

klona@^2.0.4:
  version "2.0.5"
  resolved "https://registry.yarnpkg.com/klona/-/klona-2.0.5.tgz#d166574d90076395d9963aa7a928fabb8d76afbc"
  integrity sha512-pJiBpiXMbt7dkzXe8Ghj/u4FfXOOa98fPW+bihOJ4SjnoijweJrNThJfd3ifXpXhREjpoF2mZVH1GfS9LV3kHQ==

less-loader@^10.2.0:
  version "10.2.0"
  resolved "https://registry.yarnpkg.com/less-loader/-/less-loader-10.2.0.tgz#97286d8797dc3dc05b1d16b0ecec5f968bdd4e32"
  integrity sha512-AV5KHWvCezW27GT90WATaDnfXBv99llDbtaj4bshq6DvAihMdNjaPDcUMa6EXKLRF+P2opFenJp89BXg91XLYg==
  dependencies:
    klona "^2.0.4"

less@^4.1.2:
  version "4.1.3"
  resolved "https://registry.yarnpkg.com/less/-/less-4.1.3.tgz#175be9ddcbf9b250173e0a00b4d6920a5b770246"
  integrity sha512-w16Xk/Ta9Hhyei0Gpz9m7VS8F28nieJaL/VyShID7cYvP6IL5oHeL6p4TXSDJqZE/lNv0oJ2pGVjJsRkfwm5FA==
  dependencies:
    copy-anything "^2.0.1"
    parse-node-version "^1.0.1"
    tslib "^2.3.0"
  optionalDependencies:
    errno "^0.1.1"
    graceful-fs "^4.1.2"
    image-size "~0.5.0"
    make-dir "^2.1.0"
    mime "^1.4.1"
    needle "^3.1.0"
    source-map "~0.6.0"

lodash-es@^4.17.21:
  version "4.17.21"
  resolved "https://registry.yarnpkg.com/lodash-es/-/lodash-es-4.17.21.tgz#43e626c46e6591b7750beb2b50117390c609e3ee"
  integrity sha512-mKnC+QJ9pWVzv+C4/U3rRsHapFfHvQFoFB92e52xeyGMcX6/OlIl78je1u8vePzYZSkkogMPJ2yjxxsb89cxyw==

lodash-unified@^1.0.2:
  version "1.0.2"
  resolved "https://registry.yarnpkg.com/lodash-unified/-/lodash-unified-1.0.2.tgz#bb2694db3533781e5cce984af60cfaea318b83c1"
  integrity sha512-OGbEy+1P+UT26CYi4opY4gebD8cWRDxAT6MAObIVQMiqYdxZr1g3QHWCToVsm31x2NkLS4K3+MC2qInaRMa39g==

lodash@^4.17.21:
  version "4.17.21"
  resolved "https://registry.yarnpkg.com/lodash/-/lodash-4.17.21.tgz#679591c564c3bffaae8454cf0b3df370c3d6911c"
  integrity sha512-v2kDEe57lecTulaDIuNTPy3Ry4gLGJ6Z1O3vE1krgXZNrsQ+LFTGHVxVjcXPs17LhbZVGedAJv8XZ1tvj5FvSg==

magic-string@^0.25.7:
  version "0.25.9"
  resolved "https://registry.yarnpkg.com/magic-string/-/magic-string-0.25.9.tgz#de7f9faf91ef8a1c91d02c2e5314c8277dbcdd1c"
  integrity sha512-RmF0AsMzgt25qzqqLc1+MbHmhdx0ojF2Fvs4XnOqz2ZOBXzzkEwc/dJQZCYHAn7v1jbVOjAZfK8msRn4BxO4VQ==
  dependencies:
    sourcemap-codec "^1.4.8"

make-dir@^2.1.0:
  version "2.1.0"
  resolved "https://registry.yarnpkg.com/make-dir/-/make-dir-2.1.0.tgz#5f0310e18b8be898cc07009295a30ae41e91e6f5"
  integrity sha512-LS9X+dc8KLxXCb8dni79fLIIUA5VyZoyjSMCwTluaXA0o27cCK0bhXkpgw+sTXVpPy/lSO57ilRixqk0vDmtRA==
  dependencies:
    pify "^4.0.1"
    semver "^5.6.0"

memoize-one@^6.0.0:
  version "6.0.0"
  resolved "https://registry.yarnpkg.com/memoize-one/-/memoize-one-6.0.0.tgz#b2591b871ed82948aee4727dc6abceeeac8c1045"
  integrity sha512-rkpe71W0N0c0Xz6QD0eJETuWAJGnJ9afsl1srmwPrI+yBCkge5EycXXbYRyvL29zZVUWQCY7InPRCv3GDXuZNw==

mime@^1.4.1:
  version "1.6.0"
  resolved "https://registry.yarnpkg.com/mime/-/mime-1.6.0.tgz#32cd9e5c64553bd58d19a568af452acff04981b1"
  integrity sha512-x0Vn8spI+wuJ1O6S7gnbaQg8Pxh4NNHb7KSINmEWKiPE4RKOplvijn+NkmYmmRgP68mc70j2EbeTFRsrswaQeg==

minimatch@^5.1.0:
  version "5.1.0"
  resolved "https://r.cnpmjs.org/minimatch/-/minimatch-5.1.0.tgz#1717b464f4971b144f6aabe8f2d0b8e4511e09c7"
  integrity sha512-9TPBGGak4nHfGZsPBohm9AWg6NoT7QTCehS3BIJABslyZbzxfV78QM2Y6+i741OPZIafFAaiiEMh5OyIrJPgtg==
  dependencies:
    brace-expansion "^2.0.1"

mitt@^3.0.0:
  version "3.0.0"
  resolved "https://registry.yarnpkg.com/mitt/-/mitt-3.0.0.tgz#69ef9bd5c80ff6f57473e8d89326d01c414be0bd"
  integrity sha512-7dX2/10ITVyqh4aOSVI9gdape+t9l2/8QxHrFmUXu4EEUpdlxl6RudZUPZoc+zuY2hk1j7XxVroIVIan/pD/SQ==

monaco-editor@^0.33.0:
  version "0.33.0"
  resolved "https://registry.yarnpkg.com/monaco-editor/-/monaco-editor-0.33.0.tgz#842e244f3750a2482f8a29c676b5684e75ff34af"
  integrity sha512-VcRWPSLIUEgQJQIE0pVT8FcGBIgFoxz7jtqctE+IiCxWugD0DwgyQBcZBhdSrdMC84eumoqMZsGl2GTreOzwqw==

ms@^2.1.1:
  version "2.1.3"
  resolved "https://registry.yarnpkg.com/ms/-/ms-2.1.3.tgz#574c8138ce1d2b5861f0b44579dbadd60c6615b2"
  integrity sha512-6FlzubTLZG3J2a/NVCAleEhjzq5oxgHyaCU9yYXvcLsvoVaHJq/s5xXI6/XXP6tz7R9xAOtHnSO/tXtF3WRTlA==

muggle-string@^0.1.0:
  version "0.1.0"
  resolved "https://r.cnpmjs.org/muggle-string/-/muggle-string-0.1.0.tgz#1fda8a281c8b27bb8b70466dbc9f27586a8baa6c"
  integrity sha512-Tr1knR3d2mKvvWthlk7202rywKbiOm4rVFLsfAaSIhJ6dt9o47W4S+JMtWhd/PW9Wrdew2/S2fSvhz3E2gkfEg==

nanoid@^3.3.4:
  version "3.3.4"
  resolved "https://registry.yarnpkg.com/nanoid/-/nanoid-3.3.4.tgz#730b67e3cd09e2deacf03c027c81c9d9dbc5e8ab"
  integrity sha512-MqBkQh/OHTS2egovRtLk45wEyNXwF+cokD+1YPf9u5VfJiRdAiRwB2froX5Co9Rh20xs4siNPm8naNotSD6RBw==

needle@^3.1.0:
  version "3.1.0"
  resolved "https://registry.yarnpkg.com/needle/-/needle-3.1.0.tgz#3bf5cd090c28eb15644181ab6699e027bd6c53c9"
  integrity sha512-gCE9weDhjVGCRqS8dwDR/D3GTAeyXLXuqp7I8EzH6DllZGXSUyxuqqLh+YX9rMAWaaTFyVAg6rHGL25dqvczKw==
  dependencies:
    debug "^3.2.6"
    iconv-lite "^0.6.3"
    sax "^1.2.4"

normalize-wheel-es@^1.1.2:
  version "1.1.2"
  resolved "https://registry.yarnpkg.com/normalize-wheel-es/-/normalize-wheel-es-1.1.2.tgz#285e43676a62d687bf145e33452ea6be435162d0"
  integrity sha512-scX83plWJXYH1J4+BhAuIHadROzxX0UBF3+HuZNY2Ks8BciE7tSTQ+5JhTsvzjaO0/EJdm4JBGrfObKxFf3Png==

parse-node-version@^1.0.1:
  version "1.0.1"
  resolved "https://registry.yarnpkg.com/parse-node-version/-/parse-node-version-1.0.1.tgz#e2b5dbede00e7fa9bc363607f53327e8b073189b"
  integrity sha512-3YHlOa/JgH6Mnpr05jP9eDG254US9ek25LyIxZlDItp2iJtwyaXQb57lBYLdT3MowkUFYEV2XXNAYIPlESvJlA==

path-parse@^1.0.7:
  version "1.0.7"
  resolved "https://registry.yarnpkg.com/path-parse/-/path-parse-1.0.7.tgz#fbc114b60ca42b30d9daf5858e4bd68bbedb6735"
  integrity sha512-LDJzPVEEEPR+y48z93A0Ed0yXb8pAByGWo/k5YYdYgpY2/2EsOsksJrq7lOHxryrVOn1ejG6oAp8ahvOIQD8sw==

picocolors@^1.0.0:
  version "1.0.0"
  resolved "https://registry.yarnpkg.com/picocolors/-/picocolors-1.0.0.tgz#cb5bdc74ff3f51892236eaf79d68bc44564ab81c"
  integrity sha512-1fygroTLlHu66zi26VoTDv8yRgm0Fccecssto+MhsZ0D/DGW2sm8E8AjW7NU5VVTRt5GxbeZ5qBuJr+HyLYkjQ==

pify@^4.0.1:
  version "4.0.1"
  resolved "https://registry.yarnpkg.com/pify/-/pify-4.0.1.tgz#4b2cd25c50d598735c50292224fd8c6df41e3231"
  integrity sha512-uB80kBFb/tfd68bVleG9T5GGsGPjJrLAUpR5PZIrhBnIaRTQRjqdJSsIKkOP6OAIFbj7GOrcudc5pNjZ+geV2g==

pinia@^2.0.13:
  version "2.0.14"
  resolved "https://registry.yarnpkg.com/pinia/-/pinia-2.0.14.tgz#0837898c20291ebac982bbfca95c8d3c6099925f"
  integrity sha512-0nPuZR4TetT/WcLN+feMSjWJku3SQU7dBbXC6uw+R6FLQJCsg+/0pzXyD82T1FmAYe0lsx+jnEDQ1BLgkRKlxA==
  dependencies:
    "@vue/devtools-api" "^6.1.4"
    vue-demi "*"

postcss@^8.1.10, postcss@^8.4.13:
  version "8.4.14"
  resolved "https://registry.yarnpkg.com/postcss/-/postcss-8.4.14.tgz#ee9274d5622b4858c1007a74d76e42e56fd21caf"
  integrity sha512-E398TUmfAYFPBSdzgeieK2Y1+1cpdxJx8yXbK/m57nRhKSmk1GB2tO4lbLBtlkfPQTDKfe4Xqv1ASWPpayPEig==
  dependencies:
    nanoid "^3.3.4"
    picocolors "^1.0.0"
    source-map-js "^1.0.2"

prr@~1.0.1:
  version "1.0.1"
  resolved "https://registry.yarnpkg.com/prr/-/prr-1.0.1.tgz#d3fc114ba06995a45ec6893f484ceb1d78f5f476"
  integrity sha512-yPw4Sng1gWghHQWj0B3ZggWUm4qVbPwPFcRG8KyxiU7J2OHFSoEHKS+EZ3fv5l1t9CyCiop6l/ZYeWbrgoQejw==

resolve@^1.22.0:
  version "1.22.0"
  resolved "https://registry.yarnpkg.com/resolve/-/resolve-1.22.0.tgz#5e0b8c67c15df57a89bdbabe603a002f21731198"
  integrity sha512-Hhtrw0nLeSrFQ7phPp4OOcVjLPIeMnRlr5mcnVuMe7M/7eBn98A3hmFRLoFo3DLZkivSYwhRUJTyPyWAk56WLw==
  dependencies:
    is-core-module "^2.8.1"
    path-parse "^1.0.7"
    supports-preserve-symlinks-flag "^1.0.0"

rollup@^2.59.0:
  version "2.75.6"
  resolved "https://registry.yarnpkg.com/rollup/-/rollup-2.75.6.tgz#ac4dc8600f95942a0180f61c7c9d6200e374b439"
  integrity sha512-OEf0TgpC9vU6WGROJIk1JA3LR5vk/yvqlzxqdrE2CzzXnqKXNzbAwlWUXis8RS3ZPe7LAq+YUxsRa0l3r27MLA==
  optionalDependencies:
    fsevents "~2.3.2"

"safer-buffer@>= 2.1.2 < 3.0.0":
  version "2.1.2"
  resolved "https://registry.yarnpkg.com/safer-buffer/-/safer-buffer-2.1.2.tgz#44fa161b0187b9549dd84bb91802f9bd8385cd6a"
  integrity sha512-YZo3K82SD7Riyi0E1EQPojLz7kpepnSQI9IyPbHHg1XXXevb5dJI7tpyN2ADxGcQbHG7vcyRHk0cbwqcQriUtg==

sax@^1.2.4:
  version "1.2.4"
  resolved "https://registry.yarnpkg.com/sax/-/sax-1.2.4.tgz#2816234e2378bddc4e5354fab5caa895df7100d9"
  integrity sha512-NqVDv9TpANUjFm0N8uM5GxL36UgKi9/atZw+x7YFnQ8ckwFGKrl4xX4yWtrey3UJm5nP1kUbnYgLopqWNSRhWw==

select@^1.1.2:
  version "1.1.2"
  resolved "https://registry.yarnpkg.com/select/-/select-1.1.2.tgz#0e7350acdec80b1108528786ec1d4418d11b396d"
  integrity sha512-OwpTSOfy6xSs1+pwcNrv0RBMOzI39Lp3qQKUTPVVPRjCdNa5JH/oPRiqsesIskK8TVgmRiHwO4KXlV2Li9dANA==

semver@^5.6.0:
  version "5.7.1"
  resolved "https://registry.yarnpkg.com/semver/-/semver-5.7.1.tgz#a954f931aeba508d307bbf069eff0c01c96116f7"
  integrity sha512-sauaDf/PZdVgrLTNYHRtpXa1iRiKcaebiKQ1BJdpQlWH2lCvexQdX55snPFyK7QzpudqbCI0qXFfOasHdyNDGQ==

source-map-js@^1.0.2:
  version "1.0.2"
  resolved "https://registry.yarnpkg.com/source-map-js/-/source-map-js-1.0.2.tgz#adbc361d9c62df380125e7f161f71c826f1e490c"
  integrity sha512-R0XvVJ9WusLiqTCEiGCmICCMplcCkIwwR11mOSD9CR5u+IXYdiseeEuXCVAjS54zqwkLcPNnmU4OeJ6tUrWhDw==

source-map@0.6.1, source-map@^0.6.1, source-map@~0.6.0:
  version "0.6.1"
  resolved "https://registry.yarnpkg.com/source-map/-/source-map-0.6.1.tgz#74722af32e9614e9c287a8d0bbde48b5e2f1a263"
  integrity sha512-UjgapumWlbMhkBgzT7Ykc5YXUT46F0iKu8SGXq0bcwP5dz/h0Plj6enJqjz1Zbq2l5WaqYnrVbwWOWMyF3F47g==

sourcemap-codec@^1.4.8:
  version "1.4.8"
  resolved "https://registry.yarnpkg.com/sourcemap-codec/-/sourcemap-codec-1.4.8.tgz#ea804bd94857402e6992d05a38ef1ae35a9ab4c4"
  integrity sha512-9NykojV5Uih4lgo5So5dtw+f0JgJX30KCNI8gwhz2J9A15wD0Ml6tjHKwf6fTSa6fAdVBdZeNOs9eJ71qCk8vA==

supports-preserve-symlinks-flag@^1.0.0:
  version "1.0.0"
  resolved "https://registry.yarnpkg.com/supports-preserve-symlinks-flag/-/supports-preserve-symlinks-flag-1.0.0.tgz#6eda4bd344a3c94aea376d4cc31bc77311039e09"
  integrity sha512-ot0WnXS9fgdkgIcePe6RHNk1WA8+muPa6cSjeR3V8K27q9BB1rTE3R1p7Hv0z1ZyAc8s6Vvv8DIyWf681MAt0w==

tiny-emitter@^2.0.0:
  version "2.1.0"
  resolved "https://registry.yarnpkg.com/tiny-emitter/-/tiny-emitter-2.1.0.tgz#1d1a56edfc51c43e863cbb5382a72330e3555423"
  integrity sha512-NB6Dk1A9xgQPMoGqC5CVXn123gWyte215ONT5Pp5a0yt4nlEoO1ZWeCwpncaekPHXO60i47ihFnZPiRPjRMq4Q==

tslib@2.3.0:
  version "2.3.0"
  resolved "https://registry.yarnpkg.com/tslib/-/tslib-2.3.0.tgz#803b8cdab3e12ba581a4ca41c8839bbb0dacb09e"
  integrity sha512-N82ooyxVNm6h1riLCoyS9e3fuJ3AMG2zIZs2Gd1ATcSFjSA23Q0fzjjZeh0jbJvWVDZ0cJT8yaNNaaXHzueNjg==

tslib@^2.3.0:
  version "2.4.0"
  resolved "https://registry.yarnpkg.com/tslib/-/tslib-2.4.0.tgz#7cecaa7f073ce680a05847aa77be941098f36dc3"
  integrity sha512-d6xOpEDfsi2CZVlPQzGeux8XMwLT9hssAsaPYExaQMuYskwb+x1x7J371tWlbBdWHroy99KnVB6qIkUbs5X3UQ==

typescript@^4.6.3:
  version "4.7.3"
  resolved "https://registry.yarnpkg.com/typescript/-/typescript-4.7.3.tgz#8364b502d5257b540f9de4c40be84c98e23a129d"
  integrity sha512-WOkT3XYvrpXx4vMMqlD+8R8R37fZkjyLGlxavMc4iB8lrl8L0DeTcHbYgw/v0N/z9wAFsgBhcsF0ruoySS22mA==

vite@^2.9.5:
  version "2.9.12"
  resolved "https://registry.yarnpkg.com/vite/-/vite-2.9.12.tgz#b1d636b0a8ac636afe9d83e3792d4895509a941b"
  integrity sha512-suxC36dQo9Rq1qMB2qiRorNJtJAdxguu5TMvBHOc/F370KvqAe9t48vYp+/TbPKRNrMh/J55tOUmkuIqstZaew==
  dependencies:
    esbuild "^0.14.27"
    postcss "^8.4.13"
    resolve "^1.22.0"
    rollup "^2.59.0"
  optionalDependencies:
    fsevents "~2.3.2"

vue-demi@*:
  version "0.13.1"
  resolved "https://registry.yarnpkg.com/vue-demi/-/vue-demi-0.13.1.tgz#7604904c88be338418a10abbc94d5b8caa14cb8c"
  integrity sha512-xmkJ56koG3ptpLnpgmIzk9/4nFf4CqduSJbUM0OdPoU87NwRuZ6x49OLhjSa/fC15fV+5CbEnrxU4oyE022svg==

vue-i18n@^9.2.0-beta.26:
  version "9.2.0-beta.36"
  resolved "https://registry.yarnpkg.com/vue-i18n/-/vue-i18n-9.2.0-beta.36.tgz#b4328e6f43c6c3ab1e423b70d94228cb4ca8b78b"
  integrity sha512-xdMBEFic9hUQ+i95gDfNx1UKzfGO7mptQfGOpfLZ2g9lR1yiFUaFEj42S2Epg5l1tDc9/NU4SE1eYcwHXcmluw==
  dependencies:
    "@intlify/core-base" "9.2.0-beta.36"
    "@intlify/shared" "9.2.0-beta.36"
    "@intlify/vue-devtools" "9.2.0-beta.36"
    "@vue/devtools-api" "^6.0.0-beta.13"

vue-json-viewer@^3.0.4:
  version "3.0.4"
  resolved "https://registry.yarnpkg.com/vue-json-viewer/-/vue-json-viewer-3.0.4.tgz#c1d65515e57d4036defbbc18fa942d7fd5fb9a8b"
  integrity sha512-pnC080rTub6YjccthVSNQod2z9Sl5IUUq46srXtn6rxwhW8QM4rlYn+CTSLFKXWfw+N3xv77Cioxw7B4XUKIbQ==
  dependencies:
    clipboard "^2.0.4"

vue-template-compiler@^2.7.10:
  version "2.7.14"
  resolved "https://r.cnpmjs.org/vue-template-compiler/-/vue-template-compiler-2.7.14.tgz#4545b7dfb88090744c1577ae5ac3f964e61634b1"
  integrity sha512-zyA5Y3ArvVG0NacJDkkzJuPQDF8RFeRlzV2vLeSnhSpieO6LK2OVbdLPi5MPPs09Ii+gMO8nY4S3iKQxBxDmWQ==
  dependencies:
    de-indent "^1.0.2"
    he "^1.2.0"

vue-tsc@^1.0.9:
  version "1.0.9"
  resolved "https://r.cnpmjs.org/vue-tsc/-/vue-tsc-1.0.9.tgz#7d388ec3097bc9c1789d5745a97c608217af4873"
  integrity sha512-vRmHD1K6DmBymNhoHjQy/aYKTRQNLGOu2/ESasChG9Vy113K6CdP0NlhR0bzgFJfv2eFB9Ez/9L5kIciUajBxQ==
  dependencies:
    "@volar/vue-language-core" "1.0.9"
    "@volar/vue-typescript" "1.0.9"

vue@^3.2.33:
  version "3.2.37"
  resolved "https://registry.yarnpkg.com/vue/-/vue-3.2.37.tgz#da220ccb618d78579d25b06c7c21498ca4e5452e"
  integrity sha512-bOKEZxrm8Eh+fveCqS1/NkG/n6aMidsI6hahas7pa0w/l7jkbssJVsRhVDs07IdDq7h9KHswZOgItnwJAgtVtQ==
  dependencies:
    "@vue/compiler-dom" "3.2.37"
    "@vue/compiler-sfc" "3.2.37"
    "@vue/runtime-dom" "3.2.37"
    "@vue/server-renderer" "3.2.37"
    "@vue/shared" "3.2.37"

zrender@5.3.1:
  version "5.3.1"
  resolved "https://registry.yarnpkg.com/zrender/-/zrender-5.3.1.tgz#fa8e63ac7e719cfd563831fe8c42a9756c5af384"
  integrity sha512-7olqIjy0gWfznKr6vgfnGBk7y4UtdMvdwFmK92vVQsQeDPyzkHW1OlrLEKg6GHz1W5ePf0FeN1q2vkl/HFqhXw==
  dependencies:
    tslib "2.3.0"
